{
    "_readme": [
        "This file locks the dependencies of your project to a known state",
        "Read more about it at https://getcomposer.org/doc/01-basic-usage.md#installing-dependencies",
        "This file is @generated automatically"
    ],
    "content-hash": "7ced53e7655dbbbf25ea6556cc133ce1",
    "packages": [
        {
            "name": "php-etl/bucket-contracts",
            "version": "dev-master",
            "source": {
                "type": "git",
                "url": "https://github.com/php-etl/bucket-contracts.git",
                "reference": "87f958c4cdce33d6af2f395244cbc7b895223512"
            },
            "dist": {
                "type": "zip",
                "url": "https://api.github.com/repos/php-etl/bucket-contracts/zipball/87f958c4cdce33d6af2f395244cbc7b895223512",
                "reference": "87f958c4cdce33d6af2f395244cbc7b895223512",
                "shasum": ""
            },
            "require": {
                "php": "^8.0"
            },
            "require-dev": {
                "phpstan/phpstan": "0.12.x-dev"
            },
            "default-branch": true,
            "type": "library",
            "extra": {
                "branch-alias": {
                    "dev-master": "0.1.x-dev"
                }
            },
            "autoload": {
                "psr-4": {
                    "Kiboko\\Contract\\ETL\\Bucket\\": "src/"
                }
            },
            "notification-url": "https://packagist.org/downloads/",
            "license": [
                "MIT"
            ],
            "authors": [
                {
                    "name": "Kiboko SAS",
                    "homepage": "http://kiboko.fr"
                },
                {
                    "name": "Grégory Planchat",
                    "email": "gregory@kiboko.fr"
                }
            ],
            "description": "This library describes contracts for the data-interchange buckets.",
            "support": {
                "issues": "https://github.com/php-etl/bucket-contracts/issues",
                "source": "https://github.com/php-etl/bucket-contracts/tree/master"
            },
            "time": "2020-12-10T22:18:53+00:00"
        }
    ],
    "packages-dev": [
        {
            "name": "phpstan/phpstan",
            "version": "dev-master",
            "source": {
                "type": "git",
                "url": "https://github.com/phpstan/phpstan.git",
                "reference": "ba42293d586a75421f0a103098855e35f25d36d6"
            },
            "dist": {
                "type": "zip",
                "url": "https://api.github.com/repos/phpstan/phpstan/zipball/ba42293d586a75421f0a103098855e35f25d36d6",
                "reference": "ba42293d586a75421f0a103098855e35f25d36d6",
                "shasum": ""
            },
            "require": {
                "php": "^7.1|^8.0"
            },
            "conflict": {
                "phpstan/phpstan-shim": "*"
            },
            "default-branch": true,
            "bin": [
                "phpstan",
                "phpstan.phar"
            ],
            "type": "library",
            "extra": {
                "branch-alias": {
                    "dev-master": "0.12-dev"
                }
            },
            "autoload": {
                "files": [
                    "bootstrap.php"
                ]
            },
            "notification-url": "https://packagist.org/downloads/",
            "license": [
                "MIT"
            ],
            "description": "PHPStan - PHP Static Analysis Tool",
            "support": {
                "issues": "https://github.com/phpstan/phpstan/issues",
                "source": "https://github.com/phpstan/phpstan/tree/master"
            },
            "funding": [
                {
                    "url": "https://github.com/ondrejmirtes",
                    "type": "github"
                },
                {
                    "url": "https://www.patreon.com/phpstan",
                    "type": "patreon"
                },
                {
                    "url": "https://tidelift.com/funding/github/packagist/phpstan/phpstan",
                    "type": "tidelift"
                }
            ],
            "time": "2020-12-09T15:53:04+00:00"
        }
    ],
    "aliases": [],
    "minimum-stability": "dev",
    "stability-flags": {
        "phpstan/phpstan": 20
    },
    "prefer-stable": false,
    "prefer-lowest": false,
    "platform": {
        "php": "^8.0"
    },
    "platform-dev": [],
    "plugin-api-version": "2.0.0"
}
